
Microsoft Visual Studio Solution File, Format Version 12.00
# Visual Studio Version 16
VisualStudioVersion = 16.0.30611.23
MinimumVisualStudioVersion = 10.0.40219.1
Project("{8BC9CEB8-8B4A-11D0-8D11-00A0C91BC942}") = "附件一1", "附件一1.vcxproj", "{6ACDF0F9-7198-4D73-A1BF-D7BA60464BD6}"
EndProject
Global
	GlobalSection(SolutionConfigurationPlatforms) = preSolution
		Debug|x64 = Debug|x64
		Debug|x86 = Debug|x86
		Release|x64 = Release|x64
		Release|x86 = Release|x86
	EndGlobalSection
	GlobalSection(ProjectConfigurationPlatforms) = postSolution
		{6ACDF0F9-7198-4D73-A1BF-D7BA60464BD6}.Debug|x64.ActiveCfg = Debug|x64
		{6ACDF0F9-7198-4D73-A1BF-D7BA60464BD6}.Debug|x64.Build.0 = Debug|x64
		{6ACDF0F9-7198-4D73-A1BF-D7BA60464BD6}.Debug|x86.ActiveCfg = Debug|Win32
		{6ACDF0F9-7198-4D73-A1BF-D7BA60464BD6}.Debug|x86.Build.0 = Debug|Win32
		{6ACDF0F9-7198-4D73-A1BF-D7BA60464BD6}.Release|x64.ActiveCfg = Release|x64
		{6ACDF0F9-7198-4D73-A1BF-D7BA60464BD6}.Release|x64.Build.0 = Release|x64
		{6ACDF0F9-7198-4D73-A1BF-D7BA60464BD6}.Release|x86.ActiveCfg = Release|Win32
		{6ACDF0F9-7198-4D73-A1BF-D7BA60464BD6}.Release|x86.Build.0 = Release|Win32
	EndGlobalSection
	GlobalSection(SolutionProperties) = preSolution
		HideSolutionNode = FALSE
	EndGlobalSection
	GlobalSection(ExtensibilityGlobals) = postSolution
		SolutionGuid = {C0873C5F-B830-4C51-BC68-D9D19E496178}
	EndGlobalSection
EndGlobal
